// !$*UTF8*$!
{
	archiveVersion = 1;
	classes = {
	};
	objectVersion = 50;
	objects = {

/* Begin PBXBuildFile section */
		F017439F228BB30A0015096D /* AppDelegate.swift in Sources */ = {isa = PBXBuildFile; fileRef = F017439E228BB30A0015096D /* AppDelegate.swift */; };
		F01743A1228BB30A0015096D /* ViewController.swift in Sources */ = {isa = PBXBuildFile; fileRef = F01743A0228BB30A0015096D /* ViewController.swift */; };
		F01743A4228BB30A0015096D /* Main.storyboard in Resources */ = {isa = PBXBuildFile; fileRef = F01743A2228BB30A0015096D /* Main.storyboard */; };
		F01743A6228BB30B0015096D /* Assets.xcassets in Resources */ = {isa = PBXBuildFile; fileRef = F01743A5228BB30B0015096D /* Assets.xcassets */; };
		F01743A9228BB30B0015096D /* LaunchScreen.storyboard in Resources */ = {isa = PBXBuildFile; fileRef = F01743A7228BB30B0015096D /* LaunchScreen.storyboard */; };
		F01743B1228BB34B0015096D /* LearnerModel.swift in Sources */ = {isa = PBXBuildFile; fileRef = F01743B0228BB34B0015096D /* LearnerModel.swift */; };
		F01743B5228BB5F60015096D /* PlaneModel.swift in Sources */ = {isa = PBXBuildFile; fileRef = F01743B4228BB5F60015096D /* PlaneModel.swift */; };
		F01743B7228BC4F20015096D /* FacilitatorModel.swift in Sources */ = {isa = PBXBuildFile; fileRef = F01743B6228BC4F20015096D /* FacilitatorModel.swift */; };
		F01743B9228BC9A00015096D /* MenteeModel.swift in Sources */ = {isa = PBXBuildFile; fileRef = F01743B8228BC9A00015096D /* MenteeModel.swift */; };
/* End PBXBuildFile section */

/* Begin PBXFileReference section */
		F017439B228BB30A0015096D /* ObjectOrientedProgramming.app */ = {isa = PBXFileReference; explicitFileType = wrapper.application; includeInIndex = 0; path = ObjectOrientedProgramming.app; sourceTree = BUILT_PRODUCTS_DIR; };
		F017439E228BB30A0015096D /* AppDelegate.swift */ = {isa = PBXFileReference; lastKnownFileType = sourcecode.swift; path = AppDelegate.swift; sourceTree = "<group>"; };
		F01743A0228BB30A0015096D /* ViewController.swift */ = {isa = PBXFileReference; lastKnownFileType = sourcecode.swift; path = ViewController.swift; sourceTree = "<group>"; };
		F01743A3228BB30A0015096D /* Base */ = {isa = PBXFileReference; lastKnownFileType = file.storyboard; name = Base; path = Base.lproj/Main.storyboard; sourceTree = "<group>"; };
		F01743A5228BB30B0015096D /* Assets.xcassets */ = {isa = PBXFileReference; lastKnownFileType = folder.assetcatalog; path = Assets.xcassets; sourceTree = "<group>"; };
		F01743A8228BB30B0015096D /* Base */ = {isa = PBXFileReference; lastKnownFileType = file.storyboard; name = Base; path = Base.lproj/LaunchScreen.storyboard; sourceTree = "<group>"; };
		F01743AA228BB30B0015096D /* Info.plist */ = {isa = PBXFileReference; lastKnownFileType = text.plist.xml; path = Info.plist; sourceTree = "<group>"; };
		F01743B0228BB34B0015096D /* LearnerModel.swift */ = {isa = PBXFileReference; lastKnownFileType = sourcecode.swift; path = LearnerModel.swift; sourceTree = "<group>"; };
		F01743B4228BB5F60015096D /* PlaneModel.swift */ = {isa = PBXFileReference; lastKnownFileType = sourcecode.swift; path = PlaneModel.swift; sourceTree = "<group>"; };
		F01743B6228BC4F20015096D /* FacilitatorModel.swift */ = {isa = PBXFileReference; lastKnownFileType = sourcecode.swift; path = FacilitatorModel.swift; sourceTree = "<group>"; };
		F01743B8228BC9A00015096D /* MenteeModel.swift */ = {isa = PBXFileReference; lastKnownFileType = sourcecode.swift; path = MenteeModel.swift; sourceTree = "<group>"; };
/* End PBXFileReference section */

/* Begin PBXFrameworksBuildPhase section */
		F0174398228BB30A0015096D /* Frameworks */ = {
			isa = PBXFrameworksBuildPhase;
			buildActionMask = 2147483647;
			files = (
			);
			runOnlyForDeploymentPostprocessing = 0;
		};
/* End PBXFrameworksBuildPhase section */

/* Begin PBXGroup section */
		F0174392228BB30A0015096D = {
			isa = PBXGroup;
			children = (
				F01743B6228BC4F20015096D /* FacilitatorModel.swift */,
				F01743B8228BC9A00015096D /* MenteeModel.swift */,
				F01743B4228BB5F60015096D /* PlaneModel.swift */,
				F01743B0228BB34B0015096D /* LearnerModel.swift */,
				F017439D228BB30A0015096D /* ObjectOrientedProgramming */,
				F017439C228BB30A0015096D /* Products */,
			);
			sourceTree = "<group>";
		};
		F017439C228BB30A0015096D /* Products */ = {
			isa = PBXGroup;
			children = (
				F017439B228BB30A0015096D /* ObjectOrientedProgramming.app */,
			);
			name = Products;
			sourceTree = "<group>";
		};
		F017439D228BB30A0015096D /* ObjectOrientedProgramming */ = {
			isa = PBXGroup;
			children = (
				F017439E228BB30A0015096D /* AppDelegate.swift */,
				F01743A0228BB30A0015096D /* ViewController.swift */,
				F01743A2228BB30A0015096D /* Main.storyboard */,
				F01743A5228BB30B0015096D /* Assets.xcassets */,
				F01743A7228BB30B0015096D /* LaunchScreen.storyboard */,
				F01743AA228BB30B0015096D /* Info.plist */,
			);
			path = ObjectOrientedProgramming;
			sourceTree = "<group>";
		};
/* End PBXGroup section */

/* Begin PBXNativeTarget section */
		F017439A228BB30A0015096D /* ObjectOrientedProgramming */ = {
			isa = PBXNativeTarget;
			buildConfigurationList = F01743AD228BB30B0015096D /* Build configuration list for PBXNativeTarget "ObjectOrientedProgramming" */;
			buildPhases = (
				F0174397228BB30A0015096D /* Sources */,
				F0174398228BB30A0015096D /* Frameworks */,
				F0174399228BB30A0015096D /* Resources */,
			);
			buildRules = (
			);
			dependencies = (
			);
			name = ObjectOrientedProgramming;
			productName = ObjectOrientedProgramming;
			productReference = F017439B228BB30A0015096D /* ObjectOrientedProgramming.app */;
			productType = "com.apple.product-type.application";
		};
/* End PBXNativeTarget section */

/* Begin PBXProject section */
		F0174393228BB30A0015096D /* Project object */ = {
			isa = PBXProject;
			attributes = {
				LastSwiftUpdateCheck = 1020;
				LastUpgradeCheck = 1020;
				ORGANIZATIONNAME = RezL.inc;
				TargetAttributes = {
					F017439A228BB30A0015096D = {
						CreatedOnToolsVersion = 10.2;
					};
				};
			};
			buildConfigurationList = F0174396228BB30A0015096D /* Build configuration list for PBXProject "ObjectOrientedProgramming" */;
			compatibilityVersion = "Xcode 9.3";
			developmentRegion = en;
			hasScannedForEncodings = 0;
			knownRegions = (
				en,
				Base,
			);
			mainGroup = F0174392228BB30A0015096D;
			productRefGroup = F017439C228BB30A0015096D /* Products */;
			projectDirPath = "";
			projectRoot = "";
			targets = (
				F017439A228BB30A0015096D /* ObjectOrientedProgramming */,
			);
		};
/* End PBXProject section */

/* Begin PBXResourcesBuildPhase section */
		F0174399228BB30A0015096D /* Resources */ = {
			isa = PBXResourcesBuildPhase;
			buildActionMask = 2147483647;
			files = (
				F01743A9228BB30B0015096D /* LaunchScreen.storyboard in Resources */,
				F01743A6228BB30B0015096D /* Assets.xcassets in Resources */,
				F01743A4228BB30A0015096D /* Main.storyboard in Resources */,
			);
			runOnlyForDeploymentPostprocessing = 0;
		};
/* End PBXResourcesBuildPhase section */

/* Begin PBXSourcesBuildPhase section */
		F0174397228BB30A0015096D /* Sources */ = {
			isa = PBXSourcesBuildPhase;
			buildActionMask = 2147483647;
			files = (
				F01743B5228BB5F60015096D /* PlaneModel.swift in Sources */,
				F01743B9228BC9A00015096D /* MenteeModel.swift in Sources */,
				F01743A1228BB30A0015096D /* ViewController.swift in Sources */,
				F01743B1228BB34B0015096D /* LearnerModel.swift in Sources */,
				F01743B7228BC4F20015096D /* FacilitatorModel.swift in Sources */,
				F017439F228BB30A0015096D /* AppDelegate.swift in Sources */,
			);
			runOnlyForDeploymentPostprocessing = 0;
		};
/* End PBXSourcesBuildPhase section */

/* Begin PBXVariantGroup section */
		F01743A2228BB30A0015096D /* Main.storyboard */ = {
			isa = PBXVariantGroup;
			children = (
				F01743A3228BB30A0015096D /* Base */,
			);
			name = Main.storyboard;
			sourceTree = "<group>";
		};
		F01743A7228BB30B0015096D /* LaunchScreen.storyboard */ = {
			isa = PBXVariantGroup;
			children = (
				F01743A8228BB30B0015096D /* Base */,
			);
			name = LaunchScreen.storyboard;
			sourceTree = "<group>";
		};
/* End PBXVariantGroup section */

/* Begin XCBuildConfiguration section */
		F01743AB228BB30B0015096D /* Debug */ = {
			isa = XCBuildConfiguration;
			buildSettings = {
				ALWAYS_SEARCH_USER_PATHS = NO;
				CLANG_ANALYZER_NONNULL = YES;
				CLANG_ANALYZER_NUMBER_OBJECT_CONVERSION = YES_AGGRESSIVE;
				CLANG_CXX_LANGUAGE_STANDARD = "gnu++14";
				CLANG_CXX_LIBRARY = "libc++";
				CLANG_ENABLE_MODULES = YES;
				CLANG_ENABLE_OBJC_ARC = YES;
				CLANG_ENABLE_OBJC_WEAK = YES;
				CLANG_WARN_BLOCK_CAPTURE_AUTORELEASING = YES;
				CLANG_WARN_BOOL_CONVERSION = YES;
				CLANG_WARN_COMMA = YES;
				CLANG_WARN_CONSTANT_CONVERSION = YES;
				CLANG_WARN_DEPRECATED_OBJC_IMPLEMENTATIONS = YES;
				CLANG_WARN_DIRECT_OBJC_ISA_USAGE = YES_ERROR;
				CLANG_WARN_DOCUMENTATION_COMMENTS = YES;
				CLANG_WARN_EMPTY_BODY = YES;
				CLANG_WARN_ENUM_CONVERSION = YES;
				CLANG_WARN_INFINITE_RECURSION = YES;
				CLANG_WARN_INT_CONVERSION = YES;
				CLANG_WARN_NON_LITERAL_NULL_CONVERSION = YES;
				CLANG_WARN_OBJC_IMPLICIT_RETAIN_SELF = YES;
				CLANG_WARN_OBJC_LITERAL_CONVERSION = YES;
				CLANG_WARN_OBJC_ROOT_CLASS = YES_ERROR;
				CLANG_WARN_RANGE_LOOP_ANALYSIS = YES;
				CLANG_WARN_STRICT_PROTOTYPES = YES;
				CLANG_WARN_SUSPICIOUS_MOVE = YES;
				CLANG_WARN_UNGUARDED_AVAILABILITY = YES_AGGRESSIVE;
				CLANG_WARN_UNREACHABLE_CODE = YES;
				CLANG_WARN__DUPLICATE_METHOD_MATCH = YES;
				CODE_SIGN_IDENTITY = "iPhone Developer";
				COPY_PHASE_STRIP = NO;
				DEBUG_INFORMATION_FORMAT = dwarf;
				ENABLE_STRICT_OBJC_MSGSEND = YES;
				ENABLE_TESTABILITY = YES;
				GCC_C_LANGUAGE_STANDARD = gnu11;
				GCC_DYNAMIC_NO_PIC = NO;
				GCC_NO_COMMON_BLOCKS = YES;
				GCC_OPTIMIZATION_LEVEL = 0;
				GCC_PREPROCESSOR_DEFINITIONS = (
					"DEBUG=1",
					"$(inherited)",
				);
				GCC_WARN_64_TO_32_BIT_CONVERSION = YES;
				GCC_WARN_ABOUT_RETURN_TYPE = YES_ERROR;
				GCC_WARN_UNDECLARED_SELECTOR = YES;
				GCC_WARN_UNINITIALIZED_AUTOS = YES_AGGRESSIVE;
				GCC_WARN_UNUSED_FUNCTION = YES;
				GCC_WARN_UNUSED_VARIABLE = YES;
				IPHONEOS_DEPLOYMENT_TARGET = 12.2;
				MTL_ENABLE_DEBUG_INFO = INCLUDE_SOURCE;
				MTL_FAST_MATH = YES;
				ONLY_ACTIVE_ARCH = YES;
				SDKROOT = iphoneos;
				SWIFT_ACTIVE_COMPILATION_CONDITIONS = DEBUG;
				SWIFT_OPTIMIZATION_LEVEL = "-Onone";
			};
			name = Debug;
		};
		F01743AC228BB30B0015096D /* Release */ = {
			isa = XCBuildConfiguration;
			buildSettings = {
				ALWAYS_SEARCH_USER_PATHS = NO;
				CLANG_ANALYZER_NONNULL = YES;
				CLANG_ANALYZER_NUMBER_OBJECT_CONVERSION = YES_AGGRESSIVE;
				CLANG_CXX_LANGUAGE_STANDARD = "gnu++14";
				CLANG_CXX_LIBRARY = "libc++";
				CLANG_ENABLE_MODULES = YES;
				CLANG_ENABLE_OBJC_ARC = YES;
				CLANG_ENABLE_OBJC_WEAK = YES;
				CLANG_WARN_BLOCK_CAPTURE_AUTORELEASING = YES;
				CLANG_WARN_BOOL_CONVERSION = YES;
				CLANG_WARN_COMMA = YES;
				CLANG_WARN_CONSTANT_CONVERSION = YES;
				CLANG_WARN_DEPRECATED_OBJC_IMPLEMENTATIONS = YES;
				CLANG_WARN_DIRECT_OBJC_ISA_USAGE = YES_ERROR;
				CLANG_WARN_DOCUMENTATION_COMMENTS = YES;
				CLANG_WARN_EMPTY_BODY = YES;
				CLANG_WARN_ENUM_CONVERSION = YES;
				CLANG_WARN_INFINITE_RECURSION = YES;
				CLANG_WARN_INT_CONVERSION = YES;
				CLANG_WARN_NON_LITERAL_NULL_CONVERSION = YES;
				CLANG_WARN_OBJC_IMPLICIT_RETAIN_SELF = YES;
				CLANG_WARN_OBJC_LITERAL_CONVERSION = YES;
				CLANG_WARN_OBJC_ROOT_CLASS = YES_ERROR;
				CLANG_WARN_RANGE_LOOP_ANALYSIS = YES;
				CLANG_WARN_STRICT_PROTOTYPES = YES;
				CLANG_WARN_SUSPICIOUS_MOVE = YES;
				CLANG_WARN_UNGUARDED_AVAILABILITY = YES_AGGRESSIVE;
				CLANG_WARN_UNREACHABLE_CODE = YES;
				CLANG_WARN__DUPLICATE_METHOD_MATCH = YES;
				CODE_SIGN_IDENTITY = "iPhone Developer";
				COPY_PHASE_STRIP = NO;
				DEBUG_INFORMATION_FORMAT = "dwarf-with-dsym";
				ENABLE_NS_ASSERTIONS = NO;
				ENABLE_STRICT_OBJC_MSGSEND = YES;
				GCC_C_LANGUAGE_STANDARD = gnu11;
				GCC_NO_COMMON_BLOCKS = YES;
				GCC_WARN_64_TO_32_BIT_CONVERSION = YES;
				GCC_WARN_ABOUT_RETURN_TYPE = YES_ERROR;
				GCC_WARN_UNDECLARED_SELECTOR = YES;
				GCC_WARN_UNINITIALIZED_AUTOS = YES_AGGRESSIVE;
				GCC_WARN_UNUSED_FUNCTION = YES;
				GCC_WARN_UNUSED_VARIABLE = YES;
				IPHONEOS_DEPLOYMENT_TARGET = 12.2;
				MTL_ENABLE_DEBUG_INFO = NO;
				MTL_FAST_MATH = YES;
				SDKROOT = iphoneos;
				SWIFT_COMPILATION_MODE = wholemodule;
				SWIFT_OPTIMIZATION_LEVEL = "-O";
				VALIDATE_PRODUCT = YES;
			};
			name = Release;
		};
		F01743AE228BB30B0015096D /* Debug */ = {
			isa = XCBuildConfiguration;
			buildSettings = {
				ASSETCATALOG_COMPILER_APPICON_NAME = AppIcon;
				CODE_SIGN_STYLE = Automatic;
				DEVELOPMENT_TEAM = 3DX58RSQ5M;
				INFOPLIST_FILE = ObjectOrientedProgramming/Info.plist;
				LD_RUNPATH_SEARCH_PATHS = (
					"$(inherited)",
					"@executable_path/Frameworks",
				);
				PRODUCT_BUNDLE_IDENTIFIER = com.RezL.ObjectOrientedProgramming;
				PRODUCT_NAME = "$(TARGET_NAME)";
				SWIFT_VERSION = 5.0;
				TARGETED_DEVICE_FAMILY = "1,2";
			};
			name = Debug;
		};
		F01743AF228BB30B0015096D /* Release */ = {
			isa = XCBuildConfiguration;
			buildSettings = {
				ASSETCATALOG_COMPILER_APPICON_NAME = AppIcon;
				CODE_SIGN_STYLE = Automatic;
				DEVELOPMENT_TEAM = 3DX58RSQ5M;
				INFOPLIST_FILE = ObjectOrientedProgramming/Info.plist;
				LD_RUNPATH_SEARCH_PATHS = (
					"$(inherited)",
					"@executable_path/Frameworks",
				);
				PRODUCT_BUNDLE_IDENTIFIER = com.RezL.ObjectOrientedProgramming;
				PRODUCT_NAME = "$(TARGET_NAME)";
				SWIFT_VERSION = 5.0;
				TARGETED_DEVICE_FAMILY = "1,2";
			};
			name = Release;
		};
/* End XCBuildConfiguration section */

/* Begin XCConfigurationList section */
		F0174396228BB30A0015096D /* Build configuration list for PBXProject "ObjectOrientedProgramming" */ = {
			isa = XCConfigurationList;
			buildConfigurations = (
				F01743AB228BB30B0015096D /* Debug */,
				F01743AC228BB30B0015096D /* Release */,
			);
			defaultConfigurationIsVisible = 0;
			defaultConfigurationName = Release;
		};
		F01743AD228BB30B0015096D /* Build configuration list for PBXNativeTarget "ObjectOrientedProgramming" */ = {
			isa = XCConfigurationList;
			buildConfigurations = (
				F01743AE228BB30B0015096D /* Debug */,
				F01743AF228BB30B0015096D /* Release */,
			);
			defaultConfigurationIsVisible = 0;
			defaultConfigurationName = Release;
		};
/* End XCConfigurationList section */
	};
	rootObject = F0174393228BB30A0015096D /* Project object */;
}
